
Microsoft Visual Studio Solution File, Format Version 12.00
# Visual Studio Version 16
VisualStudioVersion = 16.0.31205.134
MinimumVisualStudioVersion = 10.0.40219.1
Project("{8BC9CEB8-8B4A-11D0-8D11-00A0C91BC942}") = "문자열을 정수로 바꾸기", "문자열을 정수로 바꾸기\문자열을 정수로 바꾸기.vcxproj", "{B4C6008A-63BB-46F8-9DD4-7E9BB26718D0}"
EndProject
Global
	GlobalSection(SolutionConfigurationPlatforms) = preSolution
		Debug|x64 = Debug|x64
		Debug|x86 = Debug|x86
		Release|x64 = Release|x64
		Release|x86 = Release|x86
	EndGlobalSection
	GlobalSection(ProjectConfigurationPlatforms) = postSolution
		{B4C6008A-63BB-46F8-9DD4-7E9BB26718D0}.Debug|x64.ActiveCfg = Debug|x64
		{B4C6008A-63BB-46F8-9DD4-7E9BB26718D0}.Debug|x64.Build.0 = Debug|x64
		{B4C6008A-63BB-46F8-9DD4-7E9BB26718D0}.Debug|x86.ActiveCfg = Debug|Win32
		{B4C6008A-63BB-46F8-9DD4-7E9BB26718D0}.Debug|x86.Build.0 = Debug|Win32
		{B4C6008A-63BB-46F8-9DD4-7E9BB26718D0}.Release|x64.ActiveCfg = Release|x64
		{B4C6008A-63BB-46F8-9DD4-7E9BB26718D0}.Release|x64.Build.0 = Release|x64
		{B4C6008A-63BB-46F8-9DD4-7E9BB26718D0}.Release|x86.ActiveCfg = Release|Win32
		{B4C6008A-63BB-46F8-9DD4-7E9BB26718D0}.Release|x86.Build.0 = Release|Win32
	EndGlobalSection
	GlobalSection(SolutionProperties) = preSolution
		HideSolutionNode = FALSE
	EndGlobalSection
	GlobalSection(ExtensibilityGlobals) = postSolution
		SolutionGuid = {17AEBBB4-8552-4D3B-9D64-81298A19D6AF}
	EndGlobalSection
EndGlobal
