
Microsoft Visual Studio Solution File, Format Version 12.00
# Visual Studio Version 16
VisualStudioVersion = 16.0.31321.278
MinimumVisualStudioVersion = 10.0.40219.1
Project("{8BC9CEB8-8B4A-11D0-8D11-00A0C91BC942}") = "행렬의 곱셈 (3중 for문)", "행렬의 곱셈 (3중 for문)\행렬의 곱셈 (3중 for문).vcxproj", "{E115D710-E727-4DFA-BC73-8F5E1BB7EAF2}"
EndProject
Global
	GlobalSection(SolutionConfigurationPlatforms) = preSolution
		Debug|x64 = Debug|x64
		Debug|x86 = Debug|x86
		Release|x64 = Release|x64
		Release|x86 = Release|x86
	EndGlobalSection
	GlobalSection(ProjectConfigurationPlatforms) = postSolution
		{E115D710-E727-4DFA-BC73-8F5E1BB7EAF2}.Debug|x64.ActiveCfg = Debug|x64
		{E115D710-E727-4DFA-BC73-8F5E1BB7EAF2}.Debug|x64.Build.0 = Debug|x64
		{E115D710-E727-4DFA-BC73-8F5E1BB7EAF2}.Debug|x86.ActiveCfg = Debug|Win32
		{E115D710-E727-4DFA-BC73-8F5E1BB7EAF2}.Debug|x86.Build.0 = Debug|Win32
		{E115D710-E727-4DFA-BC73-8F5E1BB7EAF2}.Release|x64.ActiveCfg = Release|x64
		{E115D710-E727-4DFA-BC73-8F5E1BB7EAF2}.Release|x64.Build.0 = Release|x64
		{E115D710-E727-4DFA-BC73-8F5E1BB7EAF2}.Release|x86.ActiveCfg = Release|Win32
		{E115D710-E727-4DFA-BC73-8F5E1BB7EAF2}.Release|x86.Build.0 = Release|Win32
	EndGlobalSection
	GlobalSection(SolutionProperties) = preSolution
		HideSolutionNode = FALSE
	EndGlobalSection
	GlobalSection(ExtensibilityGlobals) = postSolution
		SolutionGuid = {84A7A847-21FC-4305-A0FC-3F2661A2DC96}
	EndGlobalSection
EndGlobal
