
Microsoft Visual Studio Solution File, Format Version 12.00
# Visual Studio Version 16
VisualStudioVersion = 16.0.31702.278
MinimumVisualStudioVersion = 10.0.40219.1
Project("{FAE04EC0-301F-11D3-BF4B-00C04F79EFBC}") = "매개변수 키워드", "매개변수 키워드\매개변수 키워드.csproj", "{AA47545D-9611-4C3F-B5B9-E6DF7CEA5606}"
EndProject
Global
	GlobalSection(SolutionConfigurationPlatforms) = preSolution
		Debug|Any CPU = Debug|Any CPU
		Release|Any CPU = Release|Any CPU
	EndGlobalSection
	GlobalSection(ProjectConfigurationPlatforms) = postSolution
		{AA47545D-9611-4C3F-B5B9-E6DF7CEA5606}.Debug|Any CPU.ActiveCfg = Debug|Any CPU
		{AA47545D-9611-4C3F-B5B9-E6DF7CEA5606}.Debug|Any CPU.Build.0 = Debug|Any CPU
		{AA47545D-9611-4C3F-B5B9-E6DF7CEA5606}.Release|Any CPU.ActiveCfg = Release|Any CPU
		{AA47545D-9611-4C3F-B5B9-E6DF7CEA5606}.Release|Any CPU.Build.0 = Release|Any CPU
	EndGlobalSection
	GlobalSection(SolutionProperties) = preSolution
		HideSolutionNode = FALSE
	EndGlobalSection
	GlobalSection(ExtensibilityGlobals) = postSolution
		SolutionGuid = {06C11F5D-6481-4ED8-B0FF-97006365707C}
	EndGlobalSection
EndGlobal
